// !$*UTF8*$!
{
	archiveVersion = 1;
	classes = {
	};
	objectVersion = 46;
	objects = {

/* Begin PBXBuildFile section */
		00CC54E997EBC2BB0A85AB71 /* StreakCard.swift in Sources */ = {isa = PBXBuildFile; fileRef = 5449EDF2E5DD995B3F416CAA /* StreakCard.swift */; };
		0DA5309D6E3A0360DC2A1270 /* StepFeedback.swift in Sources */ = {isa = PBXBuildFile; fileRef = 5747B696FC8611E8C1C353AD /* StepFeedback.swift */; };
		1A56DFFD245C38B6F7411878 /* CBLGuideService.swift in Sources */ = {isa = PBXBuildFile; fileRef = 1133B9A669B75948838EBCDB /* CBLGuideService.swift */; };
		1ABE050A8A5F8A1AB659F523 /* Theme.swift in Sources */ = {isa = PBXBuildFile; fileRef = 800C26360E10F79781E7A42D /* Theme.swift */; };
		2970D2B83A69144C1C12B2D9 /* CoachView.swift in Sources */ = {isa = PBXBuildFile; fileRef = D97B252A30AC62C2343E3C25 /* CoachView.swift */; };
		362BEC93215851D33F6A666D /* DashboardView.swift in Sources */ = {isa = PBXBuildFile; fileRef = 5A7193AB826E42FEE4BB52C9 /* DashboardView.swift */; };
		47F0CEB9ED3FC4F86A2051BE /* CBLModels.swift in Sources */ = {isa = PBXBuildFile; fileRef = 2C057797B1A6562681490742 /* CBLModels.swift */; };
		4BEE2DE29C3AAB4E00B43B83 /* Trophy.swift in Sources */ = {isa = PBXBuildFile; fileRef = 65425A2F549D9956B7AD6885 /* Trophy.swift */; };
		4D2C250E51EC784AFCC5E3C3 /* TrophyArmoryView.swift in Sources */ = {isa = PBXBuildFile; fileRef = 019ACD3F1BE19E9E273D32A4 /* TrophyArmoryView.swift */; };
		510D35EEFBC143325438AAF2 /* LaunchScreen.storyboard in Resources */ = {isa = PBXBuildFile; fileRef = EDA2AA74E8495A1EF83B8902 /* LaunchScreen.storyboard */; };
		5C5B3794682C168F659D1D95 /* Assets.xcassets in Resources */ = {isa = PBXBuildFile; fileRef = A8E9DE720D0F0D1EDF25234F /* Assets.xcassets */; };
		5D5310632E0ADA1465F074C7 /* Foundation.framework in Frameworks */ = {isa = PBXBuildFile; fileRef = 81B6C749EEAC9A0360A52EC5 /* Foundation.framework */; };
		66AD72CD58234427C6EEE7F6 /* Workshop.swift in Sources */ = {isa = PBXBuildFile; fileRef = 60D06B815C370A08B2CB66B2 /* Workshop.swift */; };
		82CDD53184F31DA1D20A1765 /* SparkBackground.swift in Sources */ = {isa = PBXBuildFile; fileRef = DFB75D7F4A1DF1518FE705C6 /* SparkBackground.swift */; };
		84D4E32CA5D5DD2B8B485E6F /* AIService.swift in Sources */ = {isa = PBXBuildFile; fileRef = 52108BF2ABA03B790A59670B /* AIService.swift */; };
		85F172838D8C248010D81A68 /* EvolvingHexagon.swift in Sources */ = {isa = PBXBuildFile; fileRef = B1A7BFCC19E538F6B4CC606F /* EvolvingHexagon.swift */; };
		88C05D4935D1D75C45BA1BC2 /* AIConsentView.swift in Sources */ = {isa = PBXBuildFile; fileRef = D7E4717D14868B2E9BA9023D /* AIConsentView.swift */; };
		8EA3F5AC66AE9E5A25F3B8E0 /* Secrets.swift in Sources */ = {isa = PBXBuildFile; fileRef = E7206C20976FF1018063D6D7 /* Secrets.swift */; };
		976B19A54AC14730E4F718A2 /* SparkSplashScreenView.swift in Sources */ = {isa = PBXBuildFile; fileRef = B18C6425E032A92AAEECABAA /* SparkSplashScreenView.swift */; };
		9CFF0542CE55BF13861DB9E6 /* TimelineView.swift in Sources */ = {isa = PBXBuildFile; fileRef = 25F11D7CA9543B6CF743AF93 /* TimelineView.swift */; };
		9E5F101CC463384A30D92DC9 /* GamificationService.swift in Sources */ = {isa = PBXBuildFile; fileRef = 9A86D854DFF6D6A9378E8ADD /* GamificationService.swift */; };
		A40DDCBB76312F9B174EC142 /* StepDetailView.swift in Sources */ = {isa = PBXBuildFile; fileRef = B97EE44EB5A676E13D1D01E4 /* StepDetailView.swift */; };
		AD2505268DA180F7AA6D6561 /* HistoryView.swift in Sources */ = {isa = PBXBuildFile; fileRef = 6DAFDC91E846DA52FCCE03A4 /* HistoryView.swift */; };
		B04211AAFD0DD77308AEB297 /* AIConsentManager.swift in Sources */ = {isa = PBXBuildFile; fileRef = 036DEC77D8961B022BD93B44 /* AIConsentManager.swift */; };
		B45026DABBFC346F1462E1BF /* AdvancedStatCard.swift in Sources */ = {isa = PBXBuildFile; fileRef = 3AA251A413F7EB1F2003F48F /* AdvancedStatCard.swift */; };
		B947C3F523D8451636E17FA4 /* SparkApp.swift in Sources */ = {isa = PBXBuildFile; fileRef = E22701B3CDF10E406F379D6E /* SparkApp.swift */; };
		BCEDF509CA54E608D03421C0 /* GlassCard.swift in Sources */ = {isa = PBXBuildFile; fileRef = DC86D81668CF96C75E47C9D8 /* GlassCard.swift */; };
		C7E23E4F652F2FE84114B064 /* EvolutionSnapshot.swift in Sources */ = {isa = PBXBuildFile; fileRef = DF4F3C8BF30A57CBAAD27B6E /* EvolutionSnapshot.swift */; };
		CB52DD0D4BA02872C48F506E /* Spark3DComponents.swift in Sources */ = {isa = PBXBuildFile; fileRef = BD3DC7570EABC2381F52DC72 /* Spark3DComponents.swift */; };
		CFF763A056E0E4809BD97411 /* NexusTerminal.swift in Sources */ = {isa = PBXBuildFile; fileRef = DB4B908EB4498E9BEB2BDCCE /* NexusTerminal.swift */; };
		D09095CE5C6BE2E43269BAC0 /* PhaseGateNavigation.swift in Sources */ = {isa = PBXBuildFile; fileRef = 6DC9C88BB3507C8710D8FCAC /* PhaseGateNavigation.swift */; };
		D51E917E135AEA70642D2C6B /* SmallInfoCard.swift in Sources */ = {isa = PBXBuildFile; fileRef = 0193431EC70584E8DD8264BC /* SmallInfoCard.swift */; };
		D5471DEDCDD354FD58675A27 /* WorkshopFeature.swift in Sources */ = {isa = PBXBuildFile; fileRef = 8921B1AF707BBFC741315D7F /* WorkshopFeature.swift */; };
		D70C57A919625EBE7F9DA1AF /* SparkMeshBackground.swift in Sources */ = {isa = PBXBuildFile; fileRef = 6A8BA4AF57C1AD959F8A39D8 /* SparkMeshBackground.swift */; };
		DA33A696EEBAA355A582498F /* SeedDataProvider.swift in Sources */ = {isa = PBXBuildFile; fileRef = AA888DF53396E2E2008E4ABD /* SeedDataProvider.swift */; };
		DAF62A6326707B2B5C370A8A /* MissionBriefingView.swift in Sources */ = {isa = PBXBuildFile; fileRef = CE738A3DF116D6C61A089F1E /* MissionBriefingView.swift */; };
		E910E56A171AC569F71D761E /* EvolutionService.swift in Sources */ = {isa = PBXBuildFile; fileRef = 0E9F8018A6E9044E4266F84C /* EvolutionService.swift */; };
		F6F104D8AAD1DFDF6EB81917 /* XPProgressHeader.swift in Sources */ = {isa = PBXBuildFile; fileRef = CADA6472F6B02B889B0A5CB1 /* XPProgressHeader.swift */; };
		FF758F734127256015225583 /* UserStats.swift in Sources */ = {isa = PBXBuildFile; fileRef = 3ABE6B3352E675914A5F4222 /* UserStats.swift */; };
/* End PBXBuildFile section */

/* Begin PBXFileReference section */
		0193431EC70584E8DD8264BC /* SmallInfoCard.swift */ = {isa = PBXFileReference; includeInIndex = 1; lastKnownFileType = sourcecode.swift; name = SmallInfoCard.swift; path = Core/DesignSystem/SmallInfoCard.swift; sourceTree = "<group>"; };
		019ACD3F1BE19E9E273D32A4 /* TrophyArmoryView.swift */ = {isa = PBXFileReference; includeInIndex = 1; lastKnownFileType = sourcecode.swift; name = TrophyArmoryView.swift; path = Features/Gamification/TrophyArmoryView.swift; sourceTree = "<group>"; };
		036DEC77D8961B022BD93B44 /* AIConsentManager.swift */ = {isa = PBXFileReference; includeInIndex = 1; lastKnownFileType = sourcecode.swift; name = AIConsentManager.swift; path = Core/Services/AIConsentManager.swift; sourceTree = "<group>"; };
		0E9F8018A6E9044E4266F84C /* EvolutionService.swift */ = {isa = PBXFileReference; includeInIndex = 1; lastKnownFileType = sourcecode.swift; name = EvolutionService.swift; path = Services/Evolution/EvolutionService.swift; sourceTree = "<group>"; };
		1133B9A669B75948838EBCDB /* CBLGuideService.swift */ = {isa = PBXFileReference; includeInIndex = 1; lastKnownFileType = sourcecode.swift; name = CBLGuideService.swift; path = Core/Services/CBLGuideService.swift; sourceTree = "<group>"; };
		25F11D7CA9543B6CF743AF93 /* TimelineView.swift */ = {isa = PBXFileReference; includeInIndex = 1; lastKnownFileType = sourcecode.swift; name = TimelineView.swift; path = Features/Timeline/TimelineView.swift; sourceTree = "<group>"; };
		2C057797B1A6562681490742 /* CBLModels.swift */ = {isa = PBXFileReference; includeInIndex = 1; lastKnownFileType = sourcecode.swift; name = CBLModels.swift; path = Data/Models/CBLModels.swift; sourceTree = "<group>"; };
		3AA251A413F7EB1F2003F48F /* AdvancedStatCard.swift */ = {isa = PBXFileReference; includeInIndex = 1; lastKnownFileType = sourcecode.swift; name = AdvancedStatCard.swift; path = Core/DesignSystem/AdvancedStatCard.swift; sourceTree = "<group>"; };
		3ABE6B3352E675914A5F4222 /* UserStats.swift */ = {isa = PBXFileReference; includeInIndex = 1; lastKnownFileType = sourcecode.swift; name = UserStats.swift; path = Data/Models/UserStats.swift; sourceTree = "<group>"; };
		52108BF2ABA03B790A59670B /* AIService.swift */ = {isa = PBXFileReference; includeInIndex = 1; lastKnownFileType = sourcecode.swift; name = AIService.swift; path = Core/Services/AIService.swift; sourceTree = "<group>"; };
		5449EDF2E5DD995B3F416CAA /* StreakCard.swift */ = {isa = PBXFileReference; includeInIndex = 1; lastKnownFileType = sourcecode.swift; name = StreakCard.swift; path = Features/Dashboard/StreakCard.swift; sourceTree = "<group>"; };
		5747B696FC8611E8C1C353AD /* StepFeedback.swift */ = {isa = PBXFileReference; includeInIndex = 1; lastKnownFileType = sourcecode.swift; name = StepFeedback.swift; path = Core/Models/StepFeedback.swift; sourceTree = "<group>"; };
		5A7193AB826E42FEE4BB52C9 /* DashboardView.swift */ = {isa = PBXFileReference; includeInIndex = 1; lastKnownFileType = sourcecode.swift; name = DashboardView.swift; path = Features/Dashboard/DashboardView.swift; sourceTree = "<group>"; };
		60D06B815C370A08B2CB66B2 /* Workshop.swift */ = {isa = PBXFileReference; includeInIndex = 1; lastKnownFileType = sourcecode.swift; name = Workshop.swift; path = Data/Models/Workshop.swift; sourceTree = "<group>"; };
		65425A2F549D9956B7AD6885 /* Trophy.swift */ = {isa = PBXFileReference; includeInIndex = 1; lastKnownFileType = sourcecode.swift; name = Trophy.swift; path = Data/Models/Trophy.swift; sourceTree = "<group>"; };
		6A8BA4AF57C1AD959F8A39D8 /* SparkMeshBackground.swift */ = {isa = PBXFileReference; includeInIndex = 1; lastKnownFileType = sourcecode.swift; name = SparkMeshBackground.swift; path = Core/DesignSystem/SparkMeshBackground.swift; sourceTree = "<group>"; };
		6DAFDC91E846DA52FCCE03A4 /* HistoryView.swift */ = {isa = PBXFileReference; includeInIndex = 1; lastKnownFileType = sourcecode.swift; name = HistoryView.swift; path = Features/Dashboard/HistoryView.swift; sourceTree = "<group>"; };
		6DC9C88BB3507C8710D8FCAC /* PhaseGateNavigation.swift */ = {isa = PBXFileReference; includeInIndex = 1; lastKnownFileType = sourcecode.swift; name = PhaseGateNavigation.swift; path = Features/Canvas/PhaseGateNavigation.swift; sourceTree = "<group>"; };
		800C26360E10F79781E7A42D /* Theme.swift */ = {isa = PBXFileReference; includeInIndex = 1; lastKnownFileType = sourcecode.swift; name = Theme.swift; path = Core/DesignSystem/Theme.swift; sourceTree = "<group>"; };
		81B6C749EEAC9A0360A52EC5 /* Foundation.framework */ = {isa = PBXFileReference; lastKnownFileType = wrapper.framework; name = Foundation.framework; path = Platforms/iPhoneOS.platform/Developer/SDKs/iPhoneOS18.0.sdk/System/Library/Frameworks/Foundation.framework; sourceTree = DEVELOPER_DIR; };
		8921B1AF707BBFC741315D7F /* WorkshopFeature.swift */ = {isa = PBXFileReference; includeInIndex = 1; lastKnownFileType = sourcecode.swift; name = WorkshopFeature.swift; path = Features/Dashboard/WorkshopFeature.swift; sourceTree = "<group>"; };
		9A86D854DFF6D6A9378E8ADD /* GamificationService.swift */ = {isa = PBXFileReference; includeInIndex = 1; lastKnownFileType = sourcecode.swift; name = GamificationService.swift; path = Services/Gamification/GamificationService.swift; sourceTree = "<group>"; };
		A8E9DE720D0F0D1EDF25234F /* Assets.xcassets */ = {isa = PBXFileReference; includeInIndex = 1; lastKnownFileType = folder.assetcatalog; name = Assets.xcassets; path = Resources/Assets.xcassets; sourceTree = "<group>"; };
		AA888DF53396E2E2008E4ABD /* SeedDataProvider.swift */ = {isa = PBXFileReference; includeInIndex = 1; lastKnownFileType = sourcecode.swift; name = SeedDataProvider.swift; path = Data/Repositories/SeedDataProvider.swift; sourceTree = "<group>"; };
		B18C6425E032A92AAEECABAA /* SparkSplashScreenView.swift */ = {isa = PBXFileReference; includeInIndex = 1; lastKnownFileType = sourcecode.swift; name = SparkSplashScreenView.swift; path = Features/Onboarding/SparkSplashScreenView.swift; sourceTree = "<group>"; };
		B1A7BFCC19E538F6B4CC606F /* EvolvingHexagon.swift */ = {isa = PBXFileReference; includeInIndex = 1; lastKnownFileType = sourcecode.swift; name = EvolvingHexagon.swift; path = Core/DesignSystem/EvolvingHexagon.swift; sourceTree = "<group>"; };
		B97EE44EB5A676E13D1D01E4 /* StepDetailView.swift */ = {isa = PBXFileReference; includeInIndex = 1; lastKnownFileType = sourcecode.swift; name = StepDetailView.swift; path = Features/Canvas/StepDetailView.swift; sourceTree = "<group>"; };
		BD3DC7570EABC2381F52DC72 /* Spark3DComponents.swift */ = {isa = PBXFileReference; includeInIndex = 1; lastKnownFileType = sourcecode.swift; name = Spark3DComponents.swift; path = Core/DesignSystem/Spark3DComponents.swift; sourceTree = "<group>"; };
		C4C4950A0DD94080F0CF4B8F /* Spark.app */ = {isa = PBXFileReference; explicitFileType = wrapper.application; includeInIndex = 0; path = Spark.app; sourceTree = BUILT_PRODUCTS_DIR; };
		CADA6472F6B02B889B0A5CB1 /* XPProgressHeader.swift */ = {isa = PBXFileReference; includeInIndex = 1; lastKnownFileType = sourcecode.swift; name = XPProgressHeader.swift; path = Features/Dashboard/XPProgressHeader.swift; sourceTree = "<group>"; };
		CE738A3DF116D6C61A089F1E /* MissionBriefingView.swift */ = {isa = PBXFileReference; includeInIndex = 1; lastKnownFileType = sourcecode.swift; name = MissionBriefingView.swift; path = Features/Canvas/MissionBriefingView.swift; sourceTree = "<group>"; };
		D7E4717D14868B2E9BA9023D /* AIConsentView.swift */ = {isa = PBXFileReference; includeInIndex = 1; lastKnownFileType = sourcecode.swift; name = AIConsentView.swift; path = Core/DesignSystem/AIConsentView.swift; sourceTree = "<group>"; };
		D97B252A30AC62C2343E3C25 /* CoachView.swift */ = {isa = PBXFileReference; includeInIndex = 1; lastKnownFileType = sourcecode.swift; name = CoachView.swift; path = Features/Coach/CoachView.swift; sourceTree = "<group>"; };
		DB4B908EB4498E9BEB2BDCCE /* NexusTerminal.swift */ = {isa = PBXFileReference; includeInIndex = 1; lastKnownFileType = sourcecode.swift; name = NexusTerminal.swift; path = Features/Dashboard/NexusTerminal.swift; sourceTree = "<group>"; };
		DC86D81668CF96C75E47C9D8 /* GlassCard.swift */ = {isa = PBXFileReference; includeInIndex = 1; lastKnownFileType = sourcecode.swift; name = GlassCard.swift; path = Core/DesignSystem/GlassCard.swift; sourceTree = "<group>"; };
		DF4F3C8BF30A57CBAAD27B6E /* EvolutionSnapshot.swift */ = {isa = PBXFileReference; includeInIndex = 1; lastKnownFileType = sourcecode.swift; name = EvolutionSnapshot.swift; path = Data/Models/EvolutionSnapshot.swift; sourceTree = "<group>"; };
		DFB75D7F4A1DF1518FE705C6 /* SparkBackground.swift */ = {isa = PBXFileReference; includeInIndex = 1; lastKnownFileType = sourcecode.swift; name = SparkBackground.swift; path = Core/DesignSystem/SparkBackground.swift; sourceTree = "<group>"; };
		E22701B3CDF10E406F379D6E /* SparkApp.swift */ = {isa = PBXFileReference; includeInIndex = 1; lastKnownFileType = sourcecode.swift; name = SparkApp.swift; path = App/SparkApp.swift; sourceTree = "<group>"; };
		E7206C20976FF1018063D6D7 /* Secrets.swift */ = {isa = PBXFileReference; includeInIndex = 1; lastKnownFileType = sourcecode.swift; name = Secrets.swift; path = App/Secrets.swift; sourceTree = "<group>"; };
		EDA2AA74E8495A1EF83B8902 /* LaunchScreen.storyboard */ = {isa = PBXFileReference; includeInIndex = 1; lastKnownFileType = file.storyboard; name = LaunchScreen.storyboard; path = Resources/LaunchScreen.storyboard; sourceTree = "<group>"; };
/* End PBXFileReference section */

/* Begin PBXFrameworksBuildPhase section */
		C318B60817061A52E62D7187 /* Frameworks */ = {
			isa = PBXFrameworksBuildPhase;
			buildActionMask = 2147483647;
			files = (
				5D5310632E0ADA1465F074C7 /* Foundation.framework in Frameworks */,
			);
			runOnlyForDeploymentPostprocessing = 0;
		};
/* End PBXFrameworksBuildPhase section */

/* Begin PBXGroup section */
		020C30596F7666C4B23AEA41 /* Onboarding */ = {
			isa = PBXGroup;
			children = (
				B18C6425E032A92AAEECABAA /* SparkSplashScreenView.swift */,
			);
			name = Onboarding;
			sourceTree = "<group>";
		};
		11B15AD611185C30E3098EC5 /* Timeline */ = {
			isa = PBXGroup;
			children = (
				25F11D7CA9543B6CF743AF93 /* TimelineView.swift */,
			);
			name = Timeline;
			sourceTree = "<group>";
		};
		1A86AAC542C2E8A39AE1520C /* Features */ = {
			isa = PBXGroup;
			children = (
				4464D312973855C9D68977D1 /* Gamification */,
				CCDC4C9168BCCF77C246FCA9 /* Canvas */,
				F9229D27A0480C2EA82CC2B3 /* Coach */,
				88A9AC278B26259366C86B63 /* Dashboard */,
				11B15AD611185C30E3098EC5 /* Timeline */,
				020C30596F7666C4B23AEA41 /* Onboarding */,
			);
			name = Features;
			sourceTree = "<group>";
		};
		31A80ABFAB9599A29FBD5D8B /* Gamification */ = {
			isa = PBXGroup;
			children = (
				9A86D854DFF6D6A9378E8ADD /* GamificationService.swift */,
			);
			name = Gamification;
			sourceTree = "<group>";
		};
		394DD441E3E65AADFEA5210B /* DesignSystem */ = {
			isa = PBXGroup;
			children = (
				B1A7BFCC19E538F6B4CC606F /* EvolvingHexagon.swift */,
				DC86D81668CF96C75E47C9D8 /* GlassCard.swift */,
				0193431EC70584E8DD8264BC /* SmallInfoCard.swift */,
				D7E4717D14868B2E9BA9023D /* AIConsentView.swift */,
				6A8BA4AF57C1AD959F8A39D8 /* SparkMeshBackground.swift */,
				BD3DC7570EABC2381F52DC72 /* Spark3DComponents.swift */,
				800C26360E10F79781E7A42D /* Theme.swift */,
				3AA251A413F7EB1F2003F48F /* AdvancedStatCard.swift */,
				DFB75D7F4A1DF1518FE705C6 /* SparkBackground.swift */,
			);
			name = DesignSystem;
			sourceTree = "<group>";
		};
		3F1F51CAC249ED9EEF3A96AE /* Core */ = {
			isa = PBXGroup;
			children = (
				394DD441E3E65AADFEA5210B /* DesignSystem */,
				70133C0F4E39F88E2321F4D1 /* Models */,
				B004F3BEA22C3488E26A8BE8 /* Services */,
			);
			name = Core;
			sourceTree = "<group>";
		};
		4464D312973855C9D68977D1 /* Gamification */ = {
			isa = PBXGroup;
			children = (
				019ACD3F1BE19E9E273D32A4 /* TrophyArmoryView.swift */,
			);
			name = Gamification;
			sourceTree = "<group>";
		};
		454084A33D9EFCCF717F7CFF /* Spark */ = {
			isa = PBXGroup;
			children = (
				5C3CC9332BA0C0A1F352EEA0 /* App */,
				3F1F51CAC249ED9EEF3A96AE /* Core */,
				5821B6B71BF2E78B0FF26A3E /* Data */,
				1A86AAC542C2E8A39AE1520C /* Features */,
				7399EB4427D51F606F1C0819 /* Services */,
				73077A483A4CA2EC3CFF5F83 /* Resources */,
			);
			name = Spark;
			path = .;
			sourceTree = "<group>";
		};
		5821B6B71BF2E78B0FF26A3E /* Data */ = {
			isa = PBXGroup;
			children = (
				F4F3E0497FAB7A8B0B4C6F10 /* Repositories */,
				EC23860E64012AE09BEFE4B3 /* Models */,
			);
			name = Data;
			sourceTree = "<group>";
		};
		5C3CC9332BA0C0A1F352EEA0 /* App */ = {
			isa = PBXGroup;
			children = (
				E7206C20976FF1018063D6D7 /* Secrets.swift */,
				E22701B3CDF10E406F379D6E /* SparkApp.swift */,
			);
			name = App;
			sourceTree = "<group>";
		};
		621A6550E53F498ACE5332B6 /* iOS */ = {
			isa = PBXGroup;
			children = (
				81B6C749EEAC9A0360A52EC5 /* Foundation.framework */,
			);
			name = iOS;
			sourceTree = "<group>";
		};
		70133C0F4E39F88E2321F4D1 /* Models */ = {
			isa = PBXGroup;
			children = (
				5747B696FC8611E8C1C353AD /* StepFeedback.swift */,
			);
			name = Models;
			sourceTree = "<group>";
		};
		73077A483A4CA2EC3CFF5F83 /* Resources */ = {
			isa = PBXGroup;
			children = (
				A8E9DE720D0F0D1EDF25234F /* Assets.xcassets */,
				EDA2AA74E8495A1EF83B8902 /* LaunchScreen.storyboard */,
			);
			name = Resources;
			sourceTree = "<group>";
		};
		7399EB4427D51F606F1C0819 /* Services */ = {
			isa = PBXGroup;
			children = (
				31A80ABFAB9599A29FBD5D8B /* Gamification */,
				C4CC89724EDCEA13089DDD16 /* Evolution */,
			);
			name = Services;
			sourceTree = "<group>";
		};
		88A9AC278B26259366C86B63 /* Dashboard */ = {
			isa = PBXGroup;
			children = (
				5A7193AB826E42FEE4BB52C9 /* DashboardView.swift */,
				5449EDF2E5DD995B3F416CAA /* StreakCard.swift */,
				8921B1AF707BBFC741315D7F /* WorkshopFeature.swift */,
				6DAFDC91E846DA52FCCE03A4 /* HistoryView.swift */,
				CADA6472F6B02B889B0A5CB1 /* XPProgressHeader.swift */,
				DB4B908EB4498E9BEB2BDCCE /* NexusTerminal.swift */,
			);
			name = Dashboard;
			sourceTree = "<group>";
		};
		9472EED9FB331DEC240FB307 /* Products */ = {
			isa = PBXGroup;
			children = (
				C4C4950A0DD94080F0CF4B8F /* Spark.app */,
			);
			name = Products;
			sourceTree = "<group>";
		};
		9C41B72807328D9B13403607 /* Frameworks */ = {
			isa = PBXGroup;
			children = (
				621A6550E53F498ACE5332B6 /* iOS */,
			);
			name = Frameworks;
			sourceTree = "<group>";
		};
		B004F3BEA22C3488E26A8BE8 /* Services */ = {
			isa = PBXGroup;
			children = (
				1133B9A669B75948838EBCDB /* CBLGuideService.swift */,
				52108BF2ABA03B790A59670B /* AIService.swift */,
				036DEC77D8961B022BD93B44 /* AIConsentManager.swift */,
			);
			name = Services;
			sourceTree = "<group>";
		};
		C4CC89724EDCEA13089DDD16 /* Evolution */ = {
			isa = PBXGroup;
			children = (
				0E9F8018A6E9044E4266F84C /* EvolutionService.swift */,
			);
			name = Evolution;
			sourceTree = "<group>";
		};
		CCDC4C9168BCCF77C246FCA9 /* Canvas */ = {
			isa = PBXGroup;
			children = (
				CE738A3DF116D6C61A089F1E /* MissionBriefingView.swift */,
				B97EE44EB5A676E13D1D01E4 /* StepDetailView.swift */,
				6DC9C88BB3507C8710D8FCAC /* PhaseGateNavigation.swift */,
			);
			name = Canvas;
			sourceTree = "<group>";
		};
		EB04AACEFEB3AF9D2F4727C0 = {
			isa = PBXGroup;
			children = (
				9472EED9FB331DEC240FB307 /* Products */,
				9C41B72807328D9B13403607 /* Frameworks */,
				454084A33D9EFCCF717F7CFF /* Spark */,
			);
			sourceTree = "<group>";
		};
		EC23860E64012AE09BEFE4B3 /* Models */ = {
			isa = PBXGroup;
			children = (
				3ABE6B3352E675914A5F4222 /* UserStats.swift */,
				65425A2F549D9956B7AD6885 /* Trophy.swift */,
				2C057797B1A6562681490742 /* CBLModels.swift */,
				DF4F3C8BF30A57CBAAD27B6E /* EvolutionSnapshot.swift */,
				60D06B815C370A08B2CB66B2 /* Workshop.swift */,
			);
			name = Models;
			sourceTree = "<group>";
		};
		F4F3E0497FAB7A8B0B4C6F10 /* Repositories */ = {
			isa = PBXGroup;
			children = (
				AA888DF53396E2E2008E4ABD /* SeedDataProvider.swift */,
			);
			name = Repositories;
			sourceTree = "<group>";
		};
		F9229D27A0480C2EA82CC2B3 /* Coach */ = {
			isa = PBXGroup;
			children = (
				D97B252A30AC62C2343E3C25 /* CoachView.swift */,
			);
			name = Coach;
			sourceTree = "<group>";
		};
/* End PBXGroup section */

/* Begin PBXNativeTarget section */
		CBD9F3FEB21FB61BF618E3C2 /* Spark */ = {
			isa = PBXNativeTarget;
			buildConfigurationList = 0D4674CBBCDCC0C94A75C493 /* Build configuration list for PBXNativeTarget "Spark" */;
			buildPhases = (
				4ECB6ECD06171F93E49710F9 /* Sources */,
				C318B60817061A52E62D7187 /* Frameworks */,
				4CBA19D4222BF16E871939DB /* Resources */,
			);
			buildRules = (
			);
			dependencies = (
			);
			name = Spark;
			productName = Spark;
			productReference = C4C4950A0DD94080F0CF4B8F /* Spark.app */;
			productType = "com.apple.product-type.application";
		};
/* End PBXNativeTarget section */

/* Begin PBXProject section */
		F12EDE6EEE12E6BD9AD3688A /* Project object */ = {
			isa = PBXProject;
			attributes = {
				LastSwiftUpdateCheck = 1600;
				LastUpgradeCheck = 1600;
			};
			buildConfigurationList = 7003AEADA71617F5C1F73E08 /* Build configuration list for PBXProject "Spark" */;
			compatibilityVersion = "Xcode 3.2";
			developmentRegion = en;
			hasScannedForEncodings = 0;
			knownRegions = (
				en,
				Base,
			);
			mainGroup = EB04AACEFEB3AF9D2F4727C0;
			minimizedProjectReferenceProxies = 0;
			preferredProjectObjectVersion = 77;
			productRefGroup = 9472EED9FB331DEC240FB307 /* Products */;
			projectDirPath = "";
			projectRoot = "";
			targets = (
				CBD9F3FEB21FB61BF618E3C2 /* Spark */,
			);
		};
/* End PBXProject section */

/* Begin PBXResourcesBuildPhase section */
		4CBA19D4222BF16E871939DB /* Resources */ = {
			isa = PBXResourcesBuildPhase;
			buildActionMask = 2147483647;
			files = (
				5C5B3794682C168F659D1D95 /* Assets.xcassets in Resources */,
				510D35EEFBC143325438AAF2 /* LaunchScreen.storyboard in Resources */,
			);
			runOnlyForDeploymentPostprocessing = 0;
		};
/* End PBXResourcesBuildPhase section */

/* Begin PBXSourcesBuildPhase section */
		4ECB6ECD06171F93E49710F9 /* Sources */ = {
			isa = PBXSourcesBuildPhase;
			buildActionMask = 2147483647;
			files = (
				8EA3F5AC66AE9E5A25F3B8E0 /* Secrets.swift in Sources */,
				B947C3F523D8451636E17FA4 /* SparkApp.swift in Sources */,
				85F172838D8C248010D81A68 /* EvolvingHexagon.swift in Sources */,
				BCEDF509CA54E608D03421C0 /* GlassCard.swift in Sources */,
				D51E917E135AEA70642D2C6B /* SmallInfoCard.swift in Sources */,
				88C05D4935D1D75C45BA1BC2 /* AIConsentView.swift in Sources */,
				D70C57A919625EBE7F9DA1AF /* SparkMeshBackground.swift in Sources */,
				CB52DD0D4BA02872C48F506E /* Spark3DComponents.swift in Sources */,
				1ABE050A8A5F8A1AB659F523 /* Theme.swift in Sources */,
				B45026DABBFC346F1462E1BF /* AdvancedStatCard.swift in Sources */,
				82CDD53184F31DA1D20A1765 /* SparkBackground.swift in Sources */,
				0DA5309D6E3A0360DC2A1270 /* StepFeedback.swift in Sources */,
				1A56DFFD245C38B6F7411878 /* CBLGuideService.swift in Sources */,
				84D4E32CA5D5DD2B8B485E6F /* AIService.swift in Sources */,
				B04211AAFD0DD77308AEB297 /* AIConsentManager.swift in Sources */,
				DA33A696EEBAA355A582498F /* SeedDataProvider.swift in Sources */,
				FF758F734127256015225583 /* UserStats.swift in Sources */,
				4BEE2DE29C3AAB4E00B43B83 /* Trophy.swift in Sources */,
				47F0CEB9ED3FC4F86A2051BE /* CBLModels.swift in Sources */,
				C7E23E4F652F2FE84114B064 /* EvolutionSnapshot.swift in Sources */,
				66AD72CD58234427C6EEE7F6 /* Workshop.swift in Sources */,
				4D2C250E51EC784AFCC5E3C3 /* TrophyArmoryView.swift in Sources */,
				DAF62A6326707B2B5C370A8A /* MissionBriefingView.swift in Sources */,
				A40DDCBB76312F9B174EC142 /* StepDetailView.swift in Sources */,
				D09095CE5C6BE2E43269BAC0 /* PhaseGateNavigation.swift in Sources */,
				2970D2B83A69144C1C12B2D9 /* CoachView.swift in Sources */,
				362BEC93215851D33F6A666D /* DashboardView.swift in Sources */,
				00CC54E997EBC2BB0A85AB71 /* StreakCard.swift in Sources */,
				D5471DEDCDD354FD58675A27 /* WorkshopFeature.swift in Sources */,
				AD2505268DA180F7AA6D6561 /* HistoryView.swift in Sources */,
				F6F104D8AAD1DFDF6EB81917 /* XPProgressHeader.swift in Sources */,
				CFF763A056E0E4809BD97411 /* NexusTerminal.swift in Sources */,
				9CFF0542CE55BF13861DB9E6 /* TimelineView.swift in Sources */,
				976B19A54AC14730E4F718A2 /* SparkSplashScreenView.swift in Sources */,
				9E5F101CC463384A30D92DC9 /* GamificationService.swift in Sources */,
				E910E56A171AC569F71D761E /* EvolutionService.swift in Sources */,
			);
			runOnlyForDeploymentPostprocessing = 0;
		};
/* End PBXSourcesBuildPhase section */

/* Begin XCBuildConfiguration section */
		2B214627BBA3709F30E5CCD2 /* Release */ = {
			isa = XCBuildConfiguration;
			buildSettings = {
				ASSETCATALOG_COMPILER_APPICON_NAME = AppIcon;
				ASSETCATALOG_COMPILER_GLOBAL_ACCENT_COLOR_NAME = AccentColor;
				CLANG_ENABLE_OBJC_WEAK = NO;
				CODE_SIGNING_ALLOWED = YES;
				CODE_SIGNING_REQUIRED = YES;
				CODE_SIGN_IDENTITY = "Apple Development";
				CODE_SIGN_STYLE = Automatic;
				CURRENT_PROJECT_VERSION = 1;
				DEVELOPMENT_TEAM = PH7ZFXKNZC;
				GENERATE_INFOPLIST_FILE = YES;
				INFOPLIST_FILE = "";
				INFOPLIST_KEY_CFBundleDisplayName = Spark;
				INFOPLIST_KEY_UILaunchStoryboardName = LaunchScreen;
				INFOPLIST_KEY_UISupportedInterfaceOrientations = "UIInterfaceOrientationPortrait UIInterfaceOrientationPortraitUpsideDown UIInterfaceOrientationLandscapeLeft UIInterfaceOrientationLandscapeRight";
				INFOPLIST_KEY_UISupportedInterfaceOrientations_ipad = "UIInterfaceOrientationPortrait UIInterfaceOrientationPortraitUpsideDown UIInterfaceOrientationLandscapeLeft UIInterfaceOrientationLandscapeRight";
				IPHONEOS_DEPLOYMENT_TARGET = 17.0;
				LD_RUNPATH_SEARCH_PATHS = "$(inherited) @executable_path/Frameworks";
				MARKETING_VERSION = 1.0;
				PRODUCT_BUNDLE_IDENTIFIER = com.spark.app.concept;
				SDKROOT = iphoneos;
				SWIFT_VERSION = 6.0;
				TARGETED_DEVICE_FAMILY = "1,2";
				VALIDATE_PRODUCT = YES;
			};
			name = Release;
		};
		AB480BCE8826D605EEEB09F7 /* Debug */ = {
			isa = XCBuildConfiguration;
			buildSettings = {
				ASSETCATALOG_COMPILER_APPICON_NAME = AppIcon;
				ASSETCATALOG_COMPILER_GLOBAL_ACCENT_COLOR_NAME = AccentColor;
				CLANG_ENABLE_OBJC_WEAK = NO;
				CODE_SIGNING_ALLOWED = YES;
				CODE_SIGNING_REQUIRED = YES;
				CODE_SIGN_IDENTITY = "Apple Development";
				CODE_SIGN_STYLE = Automatic;
				CURRENT_PROJECT_VERSION = 1;
				DEVELOPMENT_TEAM = PH7ZFXKNZC;
				GENERATE_INFOPLIST_FILE = YES;
				INFOPLIST_FILE = "";
				INFOPLIST_KEY_CFBundleDisplayName = Spark;
				INFOPLIST_KEY_UILaunchStoryboardName = LaunchScreen;
				INFOPLIST_KEY_UISupportedInterfaceOrientations = "UIInterfaceOrientationPortrait UIInterfaceOrientationPortraitUpsideDown UIInterfaceOrientationLandscapeLeft UIInterfaceOrientationLandscapeRight";
				INFOPLIST_KEY_UISupportedInterfaceOrientations_ipad = "UIInterfaceOrientationPortrait UIInterfaceOrientationPortraitUpsideDown UIInterfaceOrientationLandscapeLeft UIInterfaceOrientationLandscapeRight";
				IPHONEOS_DEPLOYMENT_TARGET = 17.0;
				LD_RUNPATH_SEARCH_PATHS = "$(inherited) @executable_path/Frameworks";
				MARKETING_VERSION = 1.0;
				PRODUCT_BUNDLE_IDENTIFIER = com.spark.app.concept;
				SDKROOT = iphoneos;
				SWIFT_VERSION = 6.0;
				TARGETED_DEVICE_FAMILY = "1,2";
			};
			name = Debug;
		};
		AC70C99E90AC7C9B29C7C06A /* Debug */ = {
			isa = XCBuildConfiguration;
			buildSettings = {
				ALWAYS_SEARCH_USER_PATHS = NO;
				CLANG_ANALYZER_NONNULL = YES;
				CLANG_ANALYZER_NUMBER_OBJECT_CONVERSION = YES_AGGRESSIVE;
				CLANG_CXX_LANGUAGE_STANDARD = "gnu++14";
				CLANG_CXX_LIBRARY = "libc++";
				CLANG_ENABLE_MODULES = YES;
				CLANG_ENABLE_OBJC_ARC = YES;
				CLANG_ENABLE_OBJC_WEAK = YES;
				CLANG_WARN_BLOCK_CAPTURE_AUTORELEASING = YES;
				CLANG_WARN_BOOL_CONVERSION = YES;
				CLANG_WARN_COMMA = YES;
				CLANG_WARN_CONSTANT_CONVERSION = YES;
				CLANG_WARN_DEPRECATED_OBJC_IMPLEMENTATIONS = YES;
				CLANG_WARN_DIRECT_OBJC_ISA_USAGE = YES_ERROR;
				CLANG_WARN_DOCUMENTATION_COMMENTS = YES;
				CLANG_WARN_EMPTY_BODY = YES;
				CLANG_WARN_ENUM_CONVERSION = YES;
				CLANG_WARN_INFINITE_RECURSION = YES;
				CLANG_WARN_INT_CONVERSION = YES;
				CLANG_WARN_NON_LITERAL_NULL_CONVERSION = YES;
				CLANG_WARN_OBJC_IMPLICIT_RETAIN_SELF = YES;
				CLANG_WARN_OBJC_LITERAL_CONVERSION = YES;
				CLANG_WARN_OBJC_ROOT_CLASS = YES_ERROR;
				CLANG_WARN_QUOTED_INCLUDE_IN_FRAMEWORK_HEADER = YES;
				CLANG_WARN_RANGE_LOOP_ANALYSIS = YES;
				CLANG_WARN_STRICT_PROTOTYPES = YES;
				CLANG_WARN_SUSPICIOUS_MOVE = YES;
				CLANG_WARN_UNGUARDED_AVAILABILITY = YES_AGGRESSIVE;
				CLANG_WARN_UNREACHABLE_CODE = YES;
				CLANG_WARN__DUPLICATE_METHOD_MATCH = YES;
				COPY_PHASE_STRIP = NO;
				DEBUG_INFORMATION_FORMAT = dwarf;
				ENABLE_STRICT_OBJC_MSGSEND = YES;
				ENABLE_TESTABILITY = YES;
				GCC_C_LANGUAGE_STANDARD = gnu11;
				GCC_DYNAMIC_NO_PIC = NO;
				GCC_NO_COMMON_BLOCKS = YES;
				GCC_OPTIMIZATION_LEVEL = 0;
				GCC_PREPROCESSOR_DEFINITIONS = (
					"DEBUG=1",
					"$(inherited)",
				);
				GCC_WARN_64_TO_32_BIT_CONVERSION = YES;
				GCC_WARN_ABOUT_RETURN_TYPE = YES_ERROR;
				GCC_WARN_UNDECLARED_SELECTOR = YES;
				GCC_WARN_UNINITIALIZED_AUTOS = YES_AGGRESSIVE;
				GCC_WARN_UNUSED_FUNCTION = YES;
				GCC_WARN_UNUSED_VARIABLE = YES;
				MTL_ENABLE_DEBUG_INFO = INCLUDE_SOURCE;
				MTL_FAST_MATH = YES;
				ONLY_ACTIVE_ARCH = YES;
				PRODUCT_NAME = "$(TARGET_NAME)";
				SWIFT_ACTIVE_COMPILATION_CONDITIONS = DEBUG;
				SWIFT_OPTIMIZATION_LEVEL = "-Onone";
				SWIFT_VERSION = 5.0;
			};
			name = Debug;
		};
		D96C07FC1B79CD7B6F2D0FDF /* Release */ = {
			isa = XCBuildConfiguration;
			buildSettings = {
				ALWAYS_SEARCH_USER_PATHS = NO;
				CLANG_ANALYZER_NONNULL = YES;
				CLANG_ANALYZER_NUMBER_OBJECT_CONVERSION = YES_AGGRESSIVE;
				CLANG_CXX_LANGUAGE_STANDARD = "gnu++14";
				CLANG_CXX_LIBRARY = "libc++";
				CLANG_ENABLE_MODULES = YES;
				CLANG_ENABLE_OBJC_ARC = YES;
				CLANG_ENABLE_OBJC_WEAK = YES;
				CLANG_WARN_BLOCK_CAPTURE_AUTORELEASING = YES;
				CLANG_WARN_BOOL_CONVERSION = YES;
				CLANG_WARN_COMMA = YES;
				CLANG_WARN_CONSTANT_CONVERSION = YES;
				CLANG_WARN_DEPRECATED_OBJC_IMPLEMENTATIONS = YES;
				CLANG_WARN_DIRECT_OBJC_ISA_USAGE = YES_ERROR;
				CLANG_WARN_DOCUMENTATION_COMMENTS = YES;
				CLANG_WARN_EMPTY_BODY = YES;
				CLANG_WARN_ENUM_CONVERSION = YES;
				CLANG_WARN_INFINITE_RECURSION = YES;
				CLANG_WARN_INT_CONVERSION = YES;
				CLANG_WARN_NON_LITERAL_NULL_CONVERSION = YES;
				CLANG_WARN_OBJC_IMPLICIT_RETAIN_SELF = YES;
				CLANG_WARN_OBJC_LITERAL_CONVERSION = YES;
				CLANG_WARN_OBJC_ROOT_CLASS = YES_ERROR;
				CLANG_WARN_QUOTED_INCLUDE_IN_FRAMEWORK_HEADER = YES;
				CLANG_WARN_RANGE_LOOP_ANALYSIS = YES;
				CLANG_WARN_STRICT_PROTOTYPES = YES;
				CLANG_WARN_SUSPICIOUS_MOVE = YES;
				CLANG_WARN_UNGUARDED_AVAILABILITY = YES_AGGRESSIVE;
				CLANG_WARN_UNREACHABLE_CODE = YES;
				CLANG_WARN__DUPLICATE_METHOD_MATCH = YES;
				COPY_PHASE_STRIP = NO;
				DEBUG_INFORMATION_FORMAT = "dwarf-with-dsym";
				ENABLE_NS_ASSERTIONS = NO;
				ENABLE_STRICT_OBJC_MSGSEND = YES;
				GCC_C_LANGUAGE_STANDARD = gnu11;
				GCC_NO_COMMON_BLOCKS = YES;
				GCC_WARN_64_TO_32_BIT_CONVERSION = YES;
				GCC_WARN_ABOUT_RETURN_TYPE = YES_ERROR;
				GCC_WARN_UNDECLARED_SELECTOR = YES;
				GCC_WARN_UNINITIALIZED_AUTOS = YES_AGGRESSIVE;
				GCC_WARN_UNUSED_FUNCTION = YES;
				GCC_WARN_UNUSED_VARIABLE = YES;
				MTL_ENABLE_DEBUG_INFO = NO;
				MTL_FAST_MATH = YES;
				PRODUCT_NAME = "$(TARGET_NAME)";
				SWIFT_COMPILATION_MODE = wholemodule;
				SWIFT_OPTIMIZATION_LEVEL = "-O";
				SWIFT_VERSION = 5.0;
			};
			name = Release;
		};
/* End XCBuildConfiguration section */

/* Begin XCConfigurationList section */
		0D4674CBBCDCC0C94A75C493 /* Build configuration list for PBXNativeTarget "Spark" */ = {
			isa = XCConfigurationList;
			buildConfigurations = (
				2B214627BBA3709F30E5CCD2 /* Release */,
				AB480BCE8826D605EEEB09F7 /* Debug */,
			);
			defaultConfigurationIsVisible = 0;
			defaultConfigurationName = Release;
		};
		7003AEADA71617F5C1F73E08 /* Build configuration list for PBXProject "Spark" */ = {
			isa = XCConfigurationList;
			buildConfigurations = (
				AC70C99E90AC7C9B29C7C06A /* Debug */,
				D96C07FC1B79CD7B6F2D0FDF /* Release */,
			);
			defaultConfigurationIsVisible = 0;
			defaultConfigurationName = Release;
		};
/* End XCConfigurationList section */
	};
	rootObject = F12EDE6EEE12E6BD9AD3688A /* Project object */;
}
