// !$*UTF8*$!
{
	archiveVersion = 1;
	classes = {
	};
	objectVersion = 54;
	objects = {

/* Begin PBXBuildFile section */
		07C13753BB96E041267B6ADA /* AIConsentManager.swift in Sources */ = {isa = PBXBuildFile; fileRef = 0FDE15A4CBD4B0E50BC27CB4 /* AIConsentManager.swift */; };
		12002F65286FDA2550D5D1BF /* UserStats.swift in Sources */ = {isa = PBXBuildFile; fileRef = 16BE275FD17B3F52F651C4C0 /* UserStats.swift */; };
		21471C3897E8DCF77D47205C /* WorkshopFeature.swift in Sources */ = {isa = PBXBuildFile; fileRef = DEDDE15EA36F4CE0D4B24232 /* WorkshopFeature.swift */; };
		257DFF569557C745B058DC78 /* SparkMeshBackground.swift in Sources */ = {isa = PBXBuildFile; fileRef = 61986DE4730DFAC9BE4B9673 /* SparkMeshBackground.swift */; };
		3948BD179646F640B4819571 /* XPProgressHeader.swift in Sources */ = {isa = PBXBuildFile; fileRef = 18FBF6BEF88E4A63CEB626A6 /* XPProgressHeader.swift */; };
		3DD4B9C2E7ACD8F4F064E88B /* Secrets.swift in Sources */ = {isa = PBXBuildFile; fileRef = A59F29291ADA4DE25F2F3D13 /* Secrets.swift */; };
		3E79EEDD55CABBAFE759E827 /* EvolutionService.swift in Sources */ = {isa = PBXBuildFile; fileRef = CA979ECB8931697531AA6412 /* EvolutionService.swift */; };
		3F5F03660EEDC1F7AC4C2041 /* PhaseGateNavigation.swift in Sources */ = {isa = PBXBuildFile; fileRef = B622F902C417255173B0CF60 /* PhaseGateNavigation.swift */; };
		5600E7BFCB36D47AD7532B1F /* GamificationService.swift in Sources */ = {isa = PBXBuildFile; fileRef = A491041D758847C0B2ED1BFA /* GamificationService.swift */; };
		59DCAE96928D8109D70C5487 /* StepFeedback.swift in Sources */ = {isa = PBXBuildFile; fileRef = 2B602535D43EC46AE6E214C7 /* StepFeedback.swift */; };
		5BF8FBB97862A65CC56DACE1 /* AdvancedStatCard.swift in Sources */ = {isa = PBXBuildFile; fileRef = 8B9090C0C310F26281AA3CA0 /* AdvancedStatCard.swift */; };
		67A0EEE8DC60D62F99DB54C9 /* SparkSplashScreenView.swift in Sources */ = {isa = PBXBuildFile; fileRef = 29BE25C6D0F75CA82DBF2983 /* SparkSplashScreenView.swift */; };
		6F535A71A420DC373C229B56 /* HistoryView.swift in Sources */ = {isa = PBXBuildFile; fileRef = A2760B4DE703B18AB89FD068 /* HistoryView.swift */; };
		6F770054C113641C0ABF7796 /* DashboardView.swift in Sources */ = {isa = PBXBuildFile; fileRef = C12A31CDFBA34CC1CF6B24E7 /* DashboardView.swift */; };
		72B8CB998936805E517CD972 /* Spark3DComponents.swift in Sources */ = {isa = PBXBuildFile; fileRef = 1633AC684551AF3F1F222C1F /* Spark3DComponents.swift */; };
		7EF02D391AF24E0B0AB151B7 /* NexusTerminal.swift in Sources */ = {isa = PBXBuildFile; fileRef = 7ECA93F6B870042852829409 /* NexusTerminal.swift */; };
		8E2DEA221C1B2BA624494B12 /* GlassCard.swift in Sources */ = {isa = PBXBuildFile; fileRef = A3F37723F17BB4495B14D763 /* GlassCard.swift */; };
		9D5A1F6306E479F114F1A4BE /* CBLModels.swift in Sources */ = {isa = PBXBuildFile; fileRef = 77F7E0CBB5F72B8D499C94B9 /* CBLModels.swift */; };
		9DB68F5022D423785DB4F854 /* Theme.swift in Sources */ = {isa = PBXBuildFile; fileRef = 04A2D72F1284FC111161D3BA /* Theme.swift */; };
		A2DBF11538938C36CCC891EF /* CoachView.swift in Sources */ = {isa = PBXBuildFile; fileRef = 55F7DB35EBDA0855DC9F6C7A /* CoachView.swift */; };
		A5C8D24A23B1F9281EBD9AFF /* Workshop.swift in Sources */ = {isa = PBXBuildFile; fileRef = 95B02E36E054E45F8BB3DE86 /* Workshop.swift */; };
		ADBECE1C0D5E72E62B34DC4C /* EvolutionSnapshot.swift in Sources */ = {isa = PBXBuildFile; fileRef = 10C9EA3BCA6385044D0407A3 /* EvolutionSnapshot.swift */; };
		AFA5991C287B2E7077EC53A9 /* SmallInfoCard.swift in Sources */ = {isa = PBXBuildFile; fileRef = A35138E8E1ACAC6A5CAFE67E /* SmallInfoCard.swift */; };
		B295FED0F2AEC0000DFFCBAD /* SeedDataProvider.swift in Sources */ = {isa = PBXBuildFile; fileRef = 3E9CFB4B390394F68439037C /* SeedDataProvider.swift */; };
		B4D57E2D38F87C4280E37C7A /* CBLGuideService.swift in Sources */ = {isa = PBXBuildFile; fileRef = 7E923D181C4724D4FF6107ED /* CBLGuideService.swift */; };
		B71C071C4446531EB63BB5F6 /* MissionBriefingView.swift in Sources */ = {isa = PBXBuildFile; fileRef = B635BCC8E93C1A3318232659 /* MissionBriefingView.swift */; };
		C4AC8366C9FEAA6CCAEE602A /* SparkBackground.swift in Sources */ = {isa = PBXBuildFile; fileRef = ADB96D3B2F57B1F7DC112E35 /* SparkBackground.swift */; };
		CC7CC410294AB8C31194CE03 /* Assets.xcassets in Resources */ = {isa = PBXBuildFile; fileRef = 931EB9106151D684181A6A0A /* Assets.xcassets */; };
		CC918778EA9C3F596524489C /* StepDetailView.swift in Sources */ = {isa = PBXBuildFile; fileRef = BD993119B958FE5E2CD23C60 /* StepDetailView.swift */; };
		CDD934EFD42AC915C132ABB7 /* EvolvingHexagon.swift in Sources */ = {isa = PBXBuildFile; fileRef = 868B24C7EDBC976DFB01322E /* EvolvingHexagon.swift */; };
		CE20229E1FAC5E5099F46ECB /* StreakCard.swift in Sources */ = {isa = PBXBuildFile; fileRef = E5347765D0ACF6648E3E6AE6 /* StreakCard.swift */; };
		CEE00648294208063015E4E7 /* TimelineView.swift in Sources */ = {isa = PBXBuildFile; fileRef = 389355DF72E25B367B8B7D32 /* TimelineView.swift */; };
		DF96C33CA1410DCFAC5301D1 /* Foundation.framework in Frameworks */ = {isa = PBXBuildFile; fileRef = 69FFD58C2BF4B2A902AB5F51 /* Foundation.framework */; };
		E3675CCA3C4D587C87903096 /* LaunchScreen.storyboard in Resources */ = {isa = PBXBuildFile; fileRef = 549F440CBA9BEE0562E4D2B4 /* LaunchScreen.storyboard */; };
		ECC942D0B53BB337607FC33C /* SparkApp.swift in Sources */ = {isa = PBXBuildFile; fileRef = 8B7CD900DED21BA18AD2141C /* SparkApp.swift */; };
		F547BD93DD9ACDB84981D235 /* AIConsentView.swift in Sources */ = {isa = PBXBuildFile; fileRef = D609FB3EF1F4A6A7566FFEB9 /* AIConsentView.swift */; };
		F8D4318FDFEADEC68A1B3C95 /* AIService.swift in Sources */ = {isa = PBXBuildFile; fileRef = C92400D1E1C887DD59DBB16C /* AIService.swift */; };
/* End PBXBuildFile section */

/* Begin PBXFileReference section */
		04A2D72F1284FC111161D3BA /* Theme.swift */ = {isa = PBXFileReference; includeInIndex = 1; lastKnownFileType = sourcecode.swift; name = Theme.swift; path = Core/DesignSystem/Theme.swift; sourceTree = "<group>"; };
		0FDE15A4CBD4B0E50BC27CB4 /* AIConsentManager.swift */ = {isa = PBXFileReference; includeInIndex = 1; lastKnownFileType = sourcecode.swift; name = AIConsentManager.swift; path = Core/Services/AIConsentManager.swift; sourceTree = "<group>"; };
		10C9EA3BCA6385044D0407A3 /* EvolutionSnapshot.swift */ = {isa = PBXFileReference; includeInIndex = 1; lastKnownFileType = sourcecode.swift; name = EvolutionSnapshot.swift; path = Data/Models/EvolutionSnapshot.swift; sourceTree = "<group>"; };
		1633AC684551AF3F1F222C1F /* Spark3DComponents.swift */ = {isa = PBXFileReference; includeInIndex = 1; lastKnownFileType = sourcecode.swift; name = Spark3DComponents.swift; path = Core/DesignSystem/Spark3DComponents.swift; sourceTree = "<group>"; };
		16BE275FD17B3F52F651C4C0 /* UserStats.swift */ = {isa = PBXFileReference; includeInIndex = 1; lastKnownFileType = sourcecode.swift; name = UserStats.swift; path = Data/Models/UserStats.swift; sourceTree = "<group>"; };
		18FBF6BEF88E4A63CEB626A6 /* XPProgressHeader.swift */ = {isa = PBXFileReference; includeInIndex = 1; lastKnownFileType = sourcecode.swift; name = XPProgressHeader.swift; path = Features/Dashboard/XPProgressHeader.swift; sourceTree = "<group>"; };
		29BE25C6D0F75CA82DBF2983 /* SparkSplashScreenView.swift */ = {isa = PBXFileReference; includeInIndex = 1; lastKnownFileType = sourcecode.swift; name = SparkSplashScreenView.swift; path = Features/Onboarding/SparkSplashScreenView.swift; sourceTree = "<group>"; };
		2B602535D43EC46AE6E214C7 /* StepFeedback.swift */ = {isa = PBXFileReference; includeInIndex = 1; lastKnownFileType = sourcecode.swift; name = StepFeedback.swift; path = Core/Models/StepFeedback.swift; sourceTree = "<group>"; };
		389355DF72E25B367B8B7D32 /* TimelineView.swift */ = {isa = PBXFileReference; includeInIndex = 1; lastKnownFileType = sourcecode.swift; name = TimelineView.swift; path = Features/Timeline/TimelineView.swift; sourceTree = "<group>"; };
		3E9CFB4B390394F68439037C /* SeedDataProvider.swift */ = {isa = PBXFileReference; includeInIndex = 1; lastKnownFileType = sourcecode.swift; name = SeedDataProvider.swift; path = Data/Repositories/SeedDataProvider.swift; sourceTree = "<group>"; };
		4318CCA5AB2E938B5150EB29 /* Spark.app */ = {isa = PBXFileReference; explicitFileType = wrapper.application; includeInIndex = 0; path = Spark.app; sourceTree = BUILT_PRODUCTS_DIR; };
		549F440CBA9BEE0562E4D2B4 /* LaunchScreen.storyboard */ = {isa = PBXFileReference; includeInIndex = 1; lastKnownFileType = file.storyboard; name = LaunchScreen.storyboard; path = Resources/LaunchScreen.storyboard; sourceTree = "<group>"; };
		55F7DB35EBDA0855DC9F6C7A /* CoachView.swift */ = {isa = PBXFileReference; includeInIndex = 1; lastKnownFileType = sourcecode.swift; name = CoachView.swift; path = Features/Coach/CoachView.swift; sourceTree = "<group>"; };
		61986DE4730DFAC9BE4B9673 /* SparkMeshBackground.swift */ = {isa = PBXFileReference; includeInIndex = 1; lastKnownFileType = sourcecode.swift; name = SparkMeshBackground.swift; path = Core/DesignSystem/SparkMeshBackground.swift; sourceTree = "<group>"; };
		69FFD58C2BF4B2A902AB5F51 /* Foundation.framework */ = {isa = PBXFileReference; lastKnownFileType = wrapper.framework; name = Foundation.framework; path = Platforms/iPhoneOS.platform/Developer/SDKs/iPhoneOS18.0.sdk/System/Library/Frameworks/Foundation.framework; sourceTree = DEVELOPER_DIR; };
		77F7E0CBB5F72B8D499C94B9 /* CBLModels.swift */ = {isa = PBXFileReference; includeInIndex = 1; lastKnownFileType = sourcecode.swift; name = CBLModels.swift; path = Data/Models/CBLModels.swift; sourceTree = "<group>"; };
		7E923D181C4724D4FF6107ED /* CBLGuideService.swift */ = {isa = PBXFileReference; includeInIndex = 1; lastKnownFileType = sourcecode.swift; name = CBLGuideService.swift; path = Core/Services/CBLGuideService.swift; sourceTree = "<group>"; };
		7ECA93F6B870042852829409 /* NexusTerminal.swift */ = {isa = PBXFileReference; includeInIndex = 1; lastKnownFileType = sourcecode.swift; name = NexusTerminal.swift; path = Features/Dashboard/NexusTerminal.swift; sourceTree = "<group>"; };
		868B24C7EDBC976DFB01322E /* EvolvingHexagon.swift */ = {isa = PBXFileReference; includeInIndex = 1; lastKnownFileType = sourcecode.swift; name = EvolvingHexagon.swift; path = Core/DesignSystem/EvolvingHexagon.swift; sourceTree = "<group>"; };
		8B7CD900DED21BA18AD2141C /* SparkApp.swift */ = {isa = PBXFileReference; includeInIndex = 1; lastKnownFileType = sourcecode.swift; name = SparkApp.swift; path = App/SparkApp.swift; sourceTree = "<group>"; };
		8B9090C0C310F26281AA3CA0 /* AdvancedStatCard.swift */ = {isa = PBXFileReference; includeInIndex = 1; lastKnownFileType = sourcecode.swift; name = AdvancedStatCard.swift; path = Core/DesignSystem/AdvancedStatCard.swift; sourceTree = "<group>"; };
		931EB9106151D684181A6A0A /* Assets.xcassets */ = {isa = PBXFileReference; includeInIndex = 1; lastKnownFileType = folder.assetcatalog; name = Assets.xcassets; path = Resources/Assets.xcassets; sourceTree = "<group>"; };
		95B02E36E054E45F8BB3DE86 /* Workshop.swift */ = {isa = PBXFileReference; includeInIndex = 1; lastKnownFileType = sourcecode.swift; name = Workshop.swift; path = Data/Models/Workshop.swift; sourceTree = "<group>"; };
		A2760B4DE703B18AB89FD068 /* HistoryView.swift */ = {isa = PBXFileReference; includeInIndex = 1; lastKnownFileType = sourcecode.swift; name = HistoryView.swift; path = Features/Dashboard/HistoryView.swift; sourceTree = "<group>"; };
		A35138E8E1ACAC6A5CAFE67E /* SmallInfoCard.swift */ = {isa = PBXFileReference; includeInIndex = 1; lastKnownFileType = sourcecode.swift; name = SmallInfoCard.swift; path = Core/DesignSystem/SmallInfoCard.swift; sourceTree = "<group>"; };
		A3F37723F17BB4495B14D763 /* GlassCard.swift */ = {isa = PBXFileReference; includeInIndex = 1; lastKnownFileType = sourcecode.swift; name = GlassCard.swift; path = Core/DesignSystem/GlassCard.swift; sourceTree = "<group>"; };
		A491041D758847C0B2ED1BFA /* GamificationService.swift */ = {isa = PBXFileReference; includeInIndex = 1; lastKnownFileType = sourcecode.swift; name = GamificationService.swift; path = Services/Gamification/GamificationService.swift; sourceTree = "<group>"; };
		A59F29291ADA4DE25F2F3D13 /* Secrets.swift */ = {isa = PBXFileReference; includeInIndex = 1; lastKnownFileType = sourcecode.swift; name = Secrets.swift; path = App/Secrets.swift; sourceTree = "<group>"; };
		ADB96D3B2F57B1F7DC112E35 /* SparkBackground.swift */ = {isa = PBXFileReference; includeInIndex = 1; lastKnownFileType = sourcecode.swift; name = SparkBackground.swift; path = Core/DesignSystem/SparkBackground.swift; sourceTree = "<group>"; };
		B622F902C417255173B0CF60 /* PhaseGateNavigation.swift */ = {isa = PBXFileReference; includeInIndex = 1; lastKnownFileType = sourcecode.swift; name = PhaseGateNavigation.swift; path = Features/Canvas/PhaseGateNavigation.swift; sourceTree = "<group>"; };
		B635BCC8E93C1A3318232659 /* MissionBriefingView.swift */ = {isa = PBXFileReference; includeInIndex = 1; lastKnownFileType = sourcecode.swift; name = MissionBriefingView.swift; path = Features/Canvas/MissionBriefingView.swift; sourceTree = "<group>"; };
		BD993119B958FE5E2CD23C60 /* StepDetailView.swift */ = {isa = PBXFileReference; includeInIndex = 1; lastKnownFileType = sourcecode.swift; name = StepDetailView.swift; path = Features/Canvas/StepDetailView.swift; sourceTree = "<group>"; };
		C12A31CDFBA34CC1CF6B24E7 /* DashboardView.swift */ = {isa = PBXFileReference; includeInIndex = 1; lastKnownFileType = sourcecode.swift; name = DashboardView.swift; path = Features/Dashboard/DashboardView.swift; sourceTree = "<group>"; };
		C92400D1E1C887DD59DBB16C /* AIService.swift */ = {isa = PBXFileReference; includeInIndex = 1; lastKnownFileType = sourcecode.swift; name = AIService.swift; path = Core/Services/AIService.swift; sourceTree = "<group>"; };
		CA979ECB8931697531AA6412 /* EvolutionService.swift */ = {isa = PBXFileReference; includeInIndex = 1; lastKnownFileType = sourcecode.swift; name = EvolutionService.swift; path = Services/Evolution/EvolutionService.swift; sourceTree = "<group>"; };
		D609FB3EF1F4A6A7566FFEB9 /* AIConsentView.swift */ = {isa = PBXFileReference; includeInIndex = 1; lastKnownFileType = sourcecode.swift; name = AIConsentView.swift; path = Core/DesignSystem/AIConsentView.swift; sourceTree = "<group>"; };
		DEDDE15EA36F4CE0D4B24232 /* WorkshopFeature.swift */ = {isa = PBXFileReference; includeInIndex = 1; lastKnownFileType = sourcecode.swift; name = WorkshopFeature.swift; path = Features/Dashboard/WorkshopFeature.swift; sourceTree = "<group>"; };
		E5347765D0ACF6648E3E6AE6 /* StreakCard.swift */ = {isa = PBXFileReference; includeInIndex = 1; lastKnownFileType = sourcecode.swift; name = StreakCard.swift; path = Features/Dashboard/StreakCard.swift; sourceTree = "<group>"; };
/* End PBXFileReference section */

/* Begin PBXFrameworksBuildPhase section */
		A3B3D0CA2C1E1D93EF815C26 /* Frameworks */ = {
			isa = PBXFrameworksBuildPhase;
			buildActionMask = 2147483647;
			files = (
				DF96C33CA1410DCFAC5301D1 /* Foundation.framework in Frameworks */,
			);
			runOnlyForDeploymentPostprocessing = 0;
		};
/* End PBXFrameworksBuildPhase section */

/* Begin PBXGroup section */
		0990472A0971165A462EF633 /* Services */ = {
			isa = PBXGroup;
			children = (
				7E923D181C4724D4FF6107ED /* CBLGuideService.swift */,
				C92400D1E1C887DD59DBB16C /* AIService.swift */,
				0FDE15A4CBD4B0E50BC27CB4 /* AIConsentManager.swift */,
			);
			name = Services;
			sourceTree = "<group>";
		};
		1442ED2ED2FF9BE924180D8D /* Onboarding */ = {
			isa = PBXGroup;
			children = (
				29BE25C6D0F75CA82DBF2983 /* SparkSplashScreenView.swift */,
			);
			name = Onboarding;
			sourceTree = "<group>";
		};
		1925606BE6552E2189AF373C /* Models */ = {
			isa = PBXGroup;
			children = (
				2B602535D43EC46AE6E214C7 /* StepFeedback.swift */,
			);
			name = Models;
			sourceTree = "<group>";
		};
		26D14C73C1CA95D0292DE786 /* Dashboard */ = {
			isa = PBXGroup;
			children = (
				C12A31CDFBA34CC1CF6B24E7 /* DashboardView.swift */,
				E5347765D0ACF6648E3E6AE6 /* StreakCard.swift */,
				DEDDE15EA36F4CE0D4B24232 /* WorkshopFeature.swift */,
				A2760B4DE703B18AB89FD068 /* HistoryView.swift */,
				18FBF6BEF88E4A63CEB626A6 /* XPProgressHeader.swift */,
				7ECA93F6B870042852829409 /* NexusTerminal.swift */,
			);
			name = Dashboard;
			sourceTree = "<group>";
		};
		46BE8A9450D262FA17A3DDAB /* Frameworks */ = {
			isa = PBXGroup;
			children = (
				79AF9203D832E2BA0CCF59D3 /* iOS */,
			);
			name = Frameworks;
			sourceTree = "<group>";
		};
		5105CD3DA73D27B0166A8CB1 /* Products */ = {
			isa = PBXGroup;
			children = (
				4318CCA5AB2E938B5150EB29 /* Spark.app */,
			);
			name = Products;
			sourceTree = "<group>";
		};
		5BAA9CC6A2A5A1E125C5BE8A /* Coach */ = {
			isa = PBXGroup;
			children = (
				55F7DB35EBDA0855DC9F6C7A /* CoachView.swift */,
			);
			name = Coach;
			sourceTree = "<group>";
		};
		79AF9203D832E2BA0CCF59D3 /* iOS */ = {
			isa = PBXGroup;
			children = (
				69FFD58C2BF4B2A902AB5F51 /* Foundation.framework */,
			);
			name = iOS;
			sourceTree = "<group>";
		};
		7B7D54FC911AC3BD418B0CD4 /* Gamification */ = {
			isa = PBXGroup;
			children = (
				A491041D758847C0B2ED1BFA /* GamificationService.swift */,
			);
			name = Gamification;
			sourceTree = "<group>";
		};
		7D2F1EFB3D0505D450A1B55F /* Canvas */ = {
			isa = PBXGroup;
			children = (
				B635BCC8E93C1A3318232659 /* MissionBriefingView.swift */,
				BD993119B958FE5E2CD23C60 /* StepDetailView.swift */,
				B622F902C417255173B0CF60 /* PhaseGateNavigation.swift */,
			);
			name = Canvas;
			sourceTree = "<group>";
		};
		8E5A9C17B2C4FBAF096D653B /* Data */ = {
			isa = PBXGroup;
			children = (
				B9EEE5FB26671E414A30A0EB /* Repositories */,
				C4D0472A9F74232F6A44BD74 /* Models */,
			);
			name = Data;
			sourceTree = "<group>";
		};
		A8326B198D14516CAA20FAC9 /* DesignSystem */ = {
			isa = PBXGroup;
			children = (
				868B24C7EDBC976DFB01322E /* EvolvingHexagon.swift */,
				A3F37723F17BB4495B14D763 /* GlassCard.swift */,
				A35138E8E1ACAC6A5CAFE67E /* SmallInfoCard.swift */,
				D609FB3EF1F4A6A7566FFEB9 /* AIConsentView.swift */,
				61986DE4730DFAC9BE4B9673 /* SparkMeshBackground.swift */,
				1633AC684551AF3F1F222C1F /* Spark3DComponents.swift */,
				04A2D72F1284FC111161D3BA /* Theme.swift */,
				8B9090C0C310F26281AA3CA0 /* AdvancedStatCard.swift */,
				ADB96D3B2F57B1F7DC112E35 /* SparkBackground.swift */,
			);
			name = DesignSystem;
			sourceTree = "<group>";
		};
		B11D2718E772F8626925500E /* Core */ = {
			isa = PBXGroup;
			children = (
				A8326B198D14516CAA20FAC9 /* DesignSystem */,
				1925606BE6552E2189AF373C /* Models */,
				0990472A0971165A462EF633 /* Services */,
			);
			name = Core;
			sourceTree = "<group>";
		};
		B283B1BD96E001717CE71FB1 /* Resources */ = {
			isa = PBXGroup;
			children = (
				931EB9106151D684181A6A0A /* Assets.xcassets */,
				549F440CBA9BEE0562E4D2B4 /* LaunchScreen.storyboard */,
			);
			name = Resources;
			sourceTree = "<group>";
		};
		B5425E061E5B795EEAA44EA1 /* Spark */ = {
			isa = PBXGroup;
			children = (
				E8BA2E63A9E3ECE547A59B53 /* App */,
				B11D2718E772F8626925500E /* Core */,
				8E5A9C17B2C4FBAF096D653B /* Data */,
				D0D16A666E24D536CB9F83E5 /* Features */,
				FE23563A202C6C0FC0633098 /* Services */,
				B283B1BD96E001717CE71FB1 /* Resources */,
			);
			name = Spark;
			path = .;
			sourceTree = "<group>";
		};
		B75FFB3A1507F20B8256FD56 /* Evolution */ = {
			isa = PBXGroup;
			children = (
				CA979ECB8931697531AA6412 /* EvolutionService.swift */,
			);
			name = Evolution;
			sourceTree = "<group>";
		};
		B9EEE5FB26671E414A30A0EB /* Repositories */ = {
			isa = PBXGroup;
			children = (
				3E9CFB4B390394F68439037C /* SeedDataProvider.swift */,
			);
			name = Repositories;
			sourceTree = "<group>";
		};
		BFD99043DC061A5FDEFAD9F8 /* Timeline */ = {
			isa = PBXGroup;
			children = (
				389355DF72E25B367B8B7D32 /* TimelineView.swift */,
			);
			name = Timeline;
			sourceTree = "<group>";
		};
		C4D0472A9F74232F6A44BD74 /* Models */ = {
			isa = PBXGroup;
			children = (
				16BE275FD17B3F52F651C4C0 /* UserStats.swift */,
				77F7E0CBB5F72B8D499C94B9 /* CBLModels.swift */,
				10C9EA3BCA6385044D0407A3 /* EvolutionSnapshot.swift */,
				95B02E36E054E45F8BB3DE86 /* Workshop.swift */,
			);
			name = Models;
			sourceTree = "<group>";
		};
		D0D16A666E24D536CB9F83E5 /* Features */ = {
			isa = PBXGroup;
			children = (
				7D2F1EFB3D0505D450A1B55F /* Canvas */,
				5BAA9CC6A2A5A1E125C5BE8A /* Coach */,
				26D14C73C1CA95D0292DE786 /* Dashboard */,
				BFD99043DC061A5FDEFAD9F8 /* Timeline */,
				1442ED2ED2FF9BE924180D8D /* Onboarding */,
			);
			name = Features;
			sourceTree = "<group>";
		};
		DCC5223F61AFACC2254F10DA = {
			isa = PBXGroup;
			children = (
				5105CD3DA73D27B0166A8CB1 /* Products */,
				46BE8A9450D262FA17A3DDAB /* Frameworks */,
				B5425E061E5B795EEAA44EA1 /* Spark */,
			);
			sourceTree = "<group>";
		};
		E8BA2E63A9E3ECE547A59B53 /* App */ = {
			isa = PBXGroup;
			children = (
				A59F29291ADA4DE25F2F3D13 /* Secrets.swift */,
				8B7CD900DED21BA18AD2141C /* SparkApp.swift */,
			);
			name = App;
			sourceTree = "<group>";
		};
		FE23563A202C6C0FC0633098 /* Services */ = {
			isa = PBXGroup;
			children = (
				7B7D54FC911AC3BD418B0CD4 /* Gamification */,
				B75FFB3A1507F20B8256FD56 /* Evolution */,
			);
			name = Services;
			sourceTree = "<group>";
		};
/* End PBXGroup section */

/* Begin PBXNativeTarget section */
		423E39068EB4CE42A2CECCB2 /* Spark */ = {
			isa = PBXNativeTarget;
			buildConfigurationList = 5C1ADE41115BA7165BE04FC7 /* Build configuration list for PBXNativeTarget "Spark" */;
			buildPhases = (
				3201E67BE94A019E2698727F /* Sources */,
				A3B3D0CA2C1E1D93EF815C26 /* Frameworks */,
				9AA374BFCFA92510140063B2 /* Resources */,
			);
			buildRules = (
			);
			dependencies = (
			);
			name = Spark;
			productName = Spark;
			productReference = 4318CCA5AB2E938B5150EB29 /* Spark.app */;
			productType = "com.apple.product-type.application";
		};
/* End PBXNativeTarget section */

/* Begin PBXProject section */
		13DCC9DAA947B42B2CB7DBAD /* Project object */ = {
			isa = PBXProject;
			attributes = {
				BuildIndependentTargetsInParallel = YES;
				LastSwiftUpdateCheck = 1600;
				LastUpgradeCheck = 2640;
			};
			buildConfigurationList = 63558102CE33E2757EF8C4EE /* Build configuration list for PBXProject "Spark" */;
			compatibilityVersion = "Xcode 3.2";
			developmentRegion = en;
			hasScannedForEncodings = 0;
			knownRegions = (
				en,
				Base,
			);
			mainGroup = DCC5223F61AFACC2254F10DA;
			productRefGroup = 5105CD3DA73D27B0166A8CB1 /* Products */;
			projectDirPath = "";
			projectRoot = "";
			targets = (
				423E39068EB4CE42A2CECCB2 /* Spark */,
			);
		};
/* End PBXProject section */

/* Begin PBXResourcesBuildPhase section */
		9AA374BFCFA92510140063B2 /* Resources */ = {
			isa = PBXResourcesBuildPhase;
			buildActionMask = 2147483647;
			files = (
				CC7CC410294AB8C31194CE03 /* Assets.xcassets in Resources */,
				E3675CCA3C4D587C87903096 /* LaunchScreen.storyboard in Resources */,
			);
			runOnlyForDeploymentPostprocessing = 0;
		};
/* End PBXResourcesBuildPhase section */

/* Begin PBXSourcesBuildPhase section */
		3201E67BE94A019E2698727F /* Sources */ = {
			isa = PBXSourcesBuildPhase;
			buildActionMask = 2147483647;
			files = (
				3DD4B9C2E7ACD8F4F064E88B /* Secrets.swift in Sources */,
				ECC942D0B53BB337607FC33C /* SparkApp.swift in Sources */,
				CDD934EFD42AC915C132ABB7 /* EvolvingHexagon.swift in Sources */,
				8E2DEA221C1B2BA624494B12 /* GlassCard.swift in Sources */,
				AFA5991C287B2E7077EC53A9 /* SmallInfoCard.swift in Sources */,
				F547BD93DD9ACDB84981D235 /* AIConsentView.swift in Sources */,
				257DFF569557C745B058DC78 /* SparkMeshBackground.swift in Sources */,
				72B8CB998936805E517CD972 /* Spark3DComponents.swift in Sources */,
				9DB68F5022D423785DB4F854 /* Theme.swift in Sources */,
				5BF8FBB97862A65CC56DACE1 /* AdvancedStatCard.swift in Sources */,
				C4AC8366C9FEAA6CCAEE602A /* SparkBackground.swift in Sources */,
				59DCAE96928D8109D70C5487 /* StepFeedback.swift in Sources */,
				B4D57E2D38F87C4280E37C7A /* CBLGuideService.swift in Sources */,
				F8D4318FDFEADEC68A1B3C95 /* AIService.swift in Sources */,
				07C13753BB96E041267B6ADA /* AIConsentManager.swift in Sources */,
				B295FED0F2AEC0000DFFCBAD /* SeedDataProvider.swift in Sources */,
				12002F65286FDA2550D5D1BF /* UserStats.swift in Sources */,
				9D5A1F6306E479F114F1A4BE /* CBLModels.swift in Sources */,
				ADBECE1C0D5E72E62B34DC4C /* EvolutionSnapshot.swift in Sources */,
				A5C8D24A23B1F9281EBD9AFF /* Workshop.swift in Sources */,
				B71C071C4446531EB63BB5F6 /* MissionBriefingView.swift in Sources */,
				CC918778EA9C3F596524489C /* StepDetailView.swift in Sources */,
				3F5F03660EEDC1F7AC4C2041 /* PhaseGateNavigation.swift in Sources */,
				A2DBF11538938C36CCC891EF /* CoachView.swift in Sources */,
				6F770054C113641C0ABF7796 /* DashboardView.swift in Sources */,
				CE20229E1FAC5E5099F46ECB /* StreakCard.swift in Sources */,
				21471C3897E8DCF77D47205C /* WorkshopFeature.swift in Sources */,
				6F535A71A420DC373C229B56 /* HistoryView.swift in Sources */,
				3948BD179646F640B4819571 /* XPProgressHeader.swift in Sources */,
				7EF02D391AF24E0B0AB151B7 /* NexusTerminal.swift in Sources */,
				CEE00648294208063015E4E7 /* TimelineView.swift in Sources */,
				67A0EEE8DC60D62F99DB54C9 /* SparkSplashScreenView.swift in Sources */,
				5600E7BFCB36D47AD7532B1F /* GamificationService.swift in Sources */,
				3E79EEDD55CABBAFE759E827 /* EvolutionService.swift in Sources */,
			);
			runOnlyForDeploymentPostprocessing = 0;
		};
/* End PBXSourcesBuildPhase section */

/* Begin XCBuildConfiguration section */
		3ED580CA39CE206EDB1B6C73 /* Release */ = {
			isa = XCBuildConfiguration;
			buildSettings = {
				ASSETCATALOG_COMPILER_APPICON_NAME = AppIcon;
				ASSETCATALOG_COMPILER_GLOBAL_ACCENT_COLOR_NAME = AccentColor;
				CLANG_ENABLE_OBJC_WEAK = NO;
				CODE_SIGNING_ALLOWED = YES;
				CODE_SIGNING_REQUIRED = YES;
				CODE_SIGN_IDENTITY = "Apple Development";
				CODE_SIGN_STYLE = Automatic;
				CURRENT_PROJECT_VERSION = 2;
				GENERATE_INFOPLIST_FILE = YES;
				INFOPLIST_FILE = "";
				INFOPLIST_KEY_CFBundleDisplayName = Spark;
				INFOPLIST_KEY_LSApplicationCategoryType = "public.app-category.productivity";
				INFOPLIST_KEY_UILaunchStoryboardName = LaunchScreen;
				INFOPLIST_KEY_UISupportedInterfaceOrientations = "UIInterfaceOrientationPortrait UIInterfaceOrientationPortraitUpsideDown UIInterfaceOrientationLandscapeLeft UIInterfaceOrientationLandscapeRight";
				INFOPLIST_KEY_UISupportedInterfaceOrientations_ipad = "UIInterfaceOrientationPortrait UIInterfaceOrientationPortraitUpsideDown UIInterfaceOrientationLandscapeLeft UIInterfaceOrientationLandscapeRight";
				IPHONEOS_DEPLOYMENT_TARGET = 18.6;
				LD_RUNPATH_SEARCH_PATHS = (
					"$(inherited)",
					"@executable_path/Frameworks",
				);
				MARKETING_VERSION = 1.0;
				PRODUCT_BUNDLE_IDENTIFIER = com.spark.app.concept;
				SDKROOT = iphoneos;
				SWIFT_VERSION = 6.0;
				TARGETED_DEVICE_FAMILY = "1,2";
				VALIDATE_PRODUCT = YES;
			};
			name = Release;
		};
		7AC892997F10823C9A04D51A /* Debug */ = {
			isa = XCBuildConfiguration;
			buildSettings = {
				ASSETCATALOG_COMPILER_APPICON_NAME = AppIcon;
				ASSETCATALOG_COMPILER_GLOBAL_ACCENT_COLOR_NAME = AccentColor;
				CLANG_ENABLE_OBJC_WEAK = NO;
				CODE_SIGNING_ALLOWED = YES;
				CODE_SIGNING_REQUIRED = YES;
				CODE_SIGN_IDENTITY = "Apple Development";
				CODE_SIGN_STYLE = Automatic;
				CURRENT_PROJECT_VERSION = 2;
				GENERATE_INFOPLIST_FILE = YES;
				INFOPLIST_FILE = "";
				INFOPLIST_KEY_CFBundleDisplayName = Spark;
				INFOPLIST_KEY_LSApplicationCategoryType = "public.app-category.productivity";
				INFOPLIST_KEY_UILaunchStoryboardName = LaunchScreen;
				INFOPLIST_KEY_UISupportedInterfaceOrientations = "UIInterfaceOrientationPortrait UIInterfaceOrientationPortraitUpsideDown UIInterfaceOrientationLandscapeLeft UIInterfaceOrientationLandscapeRight";
				INFOPLIST_KEY_UISupportedInterfaceOrientations_ipad = "UIInterfaceOrientationPortrait UIInterfaceOrientationPortraitUpsideDown UIInterfaceOrientationLandscapeLeft UIInterfaceOrientationLandscapeRight";
				IPHONEOS_DEPLOYMENT_TARGET = 18.6;
				LD_RUNPATH_SEARCH_PATHS = (
					"$(inherited)",
					"@executable_path/Frameworks",
				);
				MARKETING_VERSION = 1.0;
				PRODUCT_BUNDLE_IDENTIFIER = com.spark.app.concept;
				SDKROOT = iphoneos;
				SWIFT_VERSION = 6.0;
				TARGETED_DEVICE_FAMILY = "1,2";
			};
			name = Debug;
		};
		CF2D3CB6FE803F16A6C30AC6 /* Release */ = {
			isa = XCBuildConfiguration;
			buildSettings = {
				ALWAYS_SEARCH_USER_PATHS = NO;
				ASSETCATALOG_COMPILER_GENERATE_SWIFT_ASSET_SYMBOL_EXTENSIONS = YES;
				CLANG_ANALYZER_NONNULL = YES;
				CLANG_ANALYZER_NUMBER_OBJECT_CONVERSION = YES_AGGRESSIVE;
				CLANG_CXX_LANGUAGE_STANDARD = "gnu++14";
				CLANG_CXX_LIBRARY = "libc++";
				CLANG_ENABLE_MODULES = YES;
				CLANG_ENABLE_OBJC_ARC = YES;
				CLANG_ENABLE_OBJC_WEAK = YES;
				CLANG_WARN_BLOCK_CAPTURE_AUTORELEASING = YES;
				CLANG_WARN_BOOL_CONVERSION = YES;
				CLANG_WARN_COMMA = YES;
				CLANG_WARN_CONSTANT_CONVERSION = YES;
				CLANG_WARN_DEPRECATED_OBJC_IMPLEMENTATIONS = YES;
				CLANG_WARN_DIRECT_OBJC_ISA_USAGE = YES_ERROR;
				CLANG_WARN_DOCUMENTATION_COMMENTS = YES;
				CLANG_WARN_EMPTY_BODY = YES;
				CLANG_WARN_ENUM_CONVERSION = YES;
				CLANG_WARN_INFINITE_RECURSION = YES;
				CLANG_WARN_INT_CONVERSION = YES;
				CLANG_WARN_NON_LITERAL_NULL_CONVERSION = YES;
				CLANG_WARN_OBJC_IMPLICIT_RETAIN_SELF = YES;
				CLANG_WARN_OBJC_LITERAL_CONVERSION = YES;
				CLANG_WARN_OBJC_ROOT_CLASS = YES_ERROR;
				CLANG_WARN_QUOTED_INCLUDE_IN_FRAMEWORK_HEADER = YES;
				CLANG_WARN_RANGE_LOOP_ANALYSIS = YES;
				CLANG_WARN_STRICT_PROTOTYPES = YES;
				CLANG_WARN_SUSPICIOUS_MOVE = YES;
				CLANG_WARN_UNGUARDED_AVAILABILITY = YES_AGGRESSIVE;
				CLANG_WARN_UNREACHABLE_CODE = YES;
				CLANG_WARN__DUPLICATE_METHOD_MATCH = YES;
				COPY_PHASE_STRIP = NO;
				DEAD_CODE_STRIPPING = YES;
				DEBUG_INFORMATION_FORMAT = "dwarf-with-dsym";
				DEVELOPMENT_TEAM = PH7ZFXKNZC;
				ENABLE_NS_ASSERTIONS = NO;
				ENABLE_STRICT_OBJC_MSGSEND = YES;
				ENABLE_USER_SCRIPT_SANDBOXING = YES;
				GCC_C_LANGUAGE_STANDARD = gnu11;
				GCC_NO_COMMON_BLOCKS = YES;
				GCC_WARN_64_TO_32_BIT_CONVERSION = YES;
				GCC_WARN_ABOUT_RETURN_TYPE = YES_ERROR;
				GCC_WARN_UNDECLARED_SELECTOR = YES;
				GCC_WARN_UNINITIALIZED_AUTOS = YES_AGGRESSIVE;
				GCC_WARN_UNUSED_FUNCTION = YES;
				GCC_WARN_UNUSED_VARIABLE = YES;
				MTL_ENABLE_DEBUG_INFO = NO;
				MTL_FAST_MATH = YES;
				PRODUCT_NAME = "$(TARGET_NAME)";
				STRING_CATALOG_GENERATE_SYMBOLS = YES;
				SWIFT_COMPILATION_MODE = wholemodule;
				SWIFT_OPTIMIZATION_LEVEL = "-O";
				SWIFT_VERSION = 5.0;
			};
			name = Release;
		};
		E801E1A1C4A79AF0D0AF3F3B /* Debug */ = {
			isa = XCBuildConfiguration;
			buildSettings = {
				ALWAYS_SEARCH_USER_PATHS = NO;
				ASSETCATALOG_COMPILER_GENERATE_SWIFT_ASSET_SYMBOL_EXTENSIONS = YES;
				CLANG_ANALYZER_NONNULL = YES;
				CLANG_ANALYZER_NUMBER_OBJECT_CONVERSION = YES_AGGRESSIVE;
				CLANG_CXX_LANGUAGE_STANDARD = "gnu++14";
				CLANG_CXX_LIBRARY = "libc++";
				CLANG_ENABLE_MODULES = YES;
				CLANG_ENABLE_OBJC_ARC = YES;
				CLANG_ENABLE_OBJC_WEAK = YES;
				CLANG_WARN_BLOCK_CAPTURE_AUTORELEASING = YES;
				CLANG_WARN_BOOL_CONVERSION = YES;
				CLANG_WARN_COMMA = YES;
				CLANG_WARN_CONSTANT_CONVERSION = YES;
				CLANG_WARN_DEPRECATED_OBJC_IMPLEMENTATIONS = YES;
				CLANG_WARN_DIRECT_OBJC_ISA_USAGE = YES_ERROR;
				CLANG_WARN_DOCUMENTATION_COMMENTS = YES;
				CLANG_WARN_EMPTY_BODY = YES;
				CLANG_WARN_ENUM_CONVERSION = YES;
				CLANG_WARN_INFINITE_RECURSION = YES;
				CLANG_WARN_INT_CONVERSION = YES;
				CLANG_WARN_NON_LITERAL_NULL_CONVERSION = YES;
				CLANG_WARN_OBJC_IMPLICIT_RETAIN_SELF = YES;
				CLANG_WARN_OBJC_LITERAL_CONVERSION = YES;
				CLANG_WARN_OBJC_ROOT_CLASS = YES_ERROR;
				CLANG_WARN_QUOTED_INCLUDE_IN_FRAMEWORK_HEADER = YES;
				CLANG_WARN_RANGE_LOOP_ANALYSIS = YES;
				CLANG_WARN_STRICT_PROTOTYPES = YES;
				CLANG_WARN_SUSPICIOUS_MOVE = YES;
				CLANG_WARN_UNGUARDED_AVAILABILITY = YES_AGGRESSIVE;
				CLANG_WARN_UNREACHABLE_CODE = YES;
				CLANG_WARN__DUPLICATE_METHOD_MATCH = YES;
				COPY_PHASE_STRIP = NO;
				DEAD_CODE_STRIPPING = YES;
				DEBUG_INFORMATION_FORMAT = dwarf;
				DEVELOPMENT_TEAM = PH7ZFXKNZC;
				ENABLE_STRICT_OBJC_MSGSEND = YES;
				ENABLE_TESTABILITY = YES;
				ENABLE_USER_SCRIPT_SANDBOXING = YES;
				GCC_C_LANGUAGE_STANDARD = gnu11;
				GCC_DYNAMIC_NO_PIC = NO;
				GCC_NO_COMMON_BLOCKS = YES;
				GCC_OPTIMIZATION_LEVEL = 0;
				GCC_PREPROCESSOR_DEFINITIONS = (
					"DEBUG=1",
					"$(inherited)",
				);
				GCC_WARN_64_TO_32_BIT_CONVERSION = YES;
				GCC_WARN_ABOUT_RETURN_TYPE = YES_ERROR;
				GCC_WARN_UNDECLARED_SELECTOR = YES;
				GCC_WARN_UNINITIALIZED_AUTOS = YES_AGGRESSIVE;
				GCC_WARN_UNUSED_FUNCTION = YES;
				GCC_WARN_UNUSED_VARIABLE = YES;
				MTL_ENABLE_DEBUG_INFO = INCLUDE_SOURCE;
				MTL_FAST_MATH = YES;
				ONLY_ACTIVE_ARCH = YES;
				PRODUCT_NAME = "$(TARGET_NAME)";
				STRING_CATALOG_GENERATE_SYMBOLS = YES;
				SWIFT_ACTIVE_COMPILATION_CONDITIONS = DEBUG;
				SWIFT_OPTIMIZATION_LEVEL = "-Onone";
				SWIFT_VERSION = 5.0;
			};
			name = Debug;
		};
/* End XCBuildConfiguration section */

/* Begin XCConfigurationList section */
		5C1ADE41115BA7165BE04FC7 /* Build configuration list for PBXNativeTarget "Spark" */ = {
			isa = XCConfigurationList;
			buildConfigurations = (
				3ED580CA39CE206EDB1B6C73 /* Release */,
				7AC892997F10823C9A04D51A /* Debug */,
			);
			defaultConfigurationIsVisible = 0;
			defaultConfigurationName = Release;
		};
		63558102CE33E2757EF8C4EE /* Build configuration list for PBXProject "Spark" */ = {
			isa = XCConfigurationList;
			buildConfigurations = (
				E801E1A1C4A79AF0D0AF3F3B /* Debug */,
				CF2D3CB6FE803F16A6C30AC6 /* Release */,
			);
			defaultConfigurationIsVisible = 0;
			defaultConfigurationName = Release;
		};
/* End XCConfigurationList section */
	};
	rootObject = 13DCC9DAA947B42B2CB7DBAD /* Project object */;
}
